# .agentkit/tastes.lock — the external taste sources this repository reads, each pinned to
# the commit whose contents were reviewed. Regenerated by the taste skill; never hand-edited.
# tab-separated, in the order taste.sources declares: name, repo, ref, commit, pinned-on
agentkit-tastes	git@github.com:developerinlondon/agentkit-tastes.git	main	ccc6ae5d187f1f8bdce61f7597cd1d58fd8c96ec	2026-08-05
agentkit-tastes-central	git@gitlab.com:bizfoundry/core/agentkit-tastes.git	main	d5a6bbbf6675087f09ced403ca0d20c785edd01e	2026-08-05
