# .agentkit/tastes.lock — the external taste sources this repository reads, each pinned to
# the commit whose contents were reviewed. Regenerated by the taste skill; never hand-edited.
# tab-separated, in the order taste.sources declares: name, repo, ref, commit, pinned-on
public	git@github.com:developerinlondon/agentkit-tastes.git	main	b032f90da6a316c651fbc478a3e94919690b3a2a	2026-08-06
business	git@gitlab.com:bizfoundry/core/agentkit-tastes.git	main	78e3228315cbc83f9209fbb8b2a0d85c0c6d651f	2026-08-06
